{
  "name": "HeartMate",
  "lockfileVersion": 3,
  "requires": true,
  "packages": {
    "": {
      "dependencies": {
        "@syncfusion/ej2-image-editor": "^23.1.39"
      }
    },
    "node_modules/@syncfusion/ej2-base": {
      "version": "23.1.38",
      "resolved": "https://registry.npmjs.org/@syncfusion/ej2-base/-/ej2-base-23.1.38.tgz",
      "integrity": "sha512-48nRJLJ8uyfJi2ne/9Jwkwu78Cz1njDnt2jsq3n+6A9ebZFEqMlYC4pO177kTz/XTnd47CsJT3vsyKpt0haG5g==",
      "dependencies": {
        "@syncfusion/ej2-icons": "~23.1.36"
      },
      "bin": {
        "syncfusion-license": "bin/syncfusion-license.js"
      }
    },
    "node_modules/@syncfusion/ej2-buttons": {
      "version": "23.1.39",
      "resolved": "https://registry.npmjs.org/@syncfusion/ej2-buttons/-/ej2-buttons-23.1.39.tgz",
      "integrity": "sha512-29L3b8Yd5y+vGJBLVnyM4iOTl6eDtKdrjxhM13p6YalSJy4M/2eaNBiQgJMGFW7DYlZ3fOtNXaj2Lh32d88+iQ==",
      "dependencies": {
        "@syncfusion/ej2-base": "~23.1.38"
      }
    },
    "node_modules/@syncfusion/ej2-data": {
      "version": "23.1.36",
      "resolved": "https://registry.npmjs.org/@syncfusion/ej2-data/-/ej2-data-23.1.36.tgz",
      "integrity": "sha512-9MUJQx48QV63r8TwmsK77OBljBH6D7crB8R0ihf45lzJNxD/Hea3zllCoy7vfG0j19lSwLmMqVHRbhGWCf8JNg==",
      "dependencies": {
        "@syncfusion/ej2-base": "~23.1.36"
      }
    },
    "node_modules/@syncfusion/ej2-icons": {
      "version": "23.1.36",
      "resolved": "https://registry.npmjs.org/@syncfusion/ej2-icons/-/ej2-icons-23.1.36.tgz",
      "integrity": "sha512-Q7S50bOzXL9X46doNIGSGr61RCY/1RW9iz1U7yyARr2XBQhWnijk+t/FVBk1piR0nioRXbKQcPZOLiEo6zf1xw=="
    },
    "node_modules/@syncfusion/ej2-image-editor": {
      "version": "23.1.39",
      "resolved": "https://registry.npmjs.org/@syncfusion/ej2-image-editor/-/ej2-image-editor-23.1.39.tgz",
      "integrity": "sha512-/heiu2Mh7f36d6Cqldgil9B9SupL5iCkiZFxxDdOMInT8BWjmtxaEQrYmH5UxSjLMY8wqr5JiaGTbIzMYIKJ1w==",
      "dependencies": {
        "@syncfusion/ej2-base": "~23.1.38",
        "@syncfusion/ej2-buttons": "~23.1.39",
        "@syncfusion/ej2-inputs": "~23.1.38",
        "@syncfusion/ej2-navigations": "~23.1.39",
        "@syncfusion/ej2-popups": "~23.1.38",
        "@syncfusion/ej2-splitbuttons": "~23.1.36"
      }
    },
    "node_modules/@syncfusion/ej2-inputs": {
      "version": "23.1.38",
      "resolved": "https://registry.npmjs.org/@syncfusion/ej2-inputs/-/ej2-inputs-23.1.38.tgz",
      "integrity": "sha512-5pKXvHVBTuyP4VSR8Su5SQAECoj24UZfUmlmYf5jfGmby6h2fph1mZZR8fdGFG3z8O933sc8RRsjGdFuaecoEA==",
      "dependencies": {
        "@syncfusion/ej2-base": "~23.1.38",
        "@syncfusion/ej2-buttons": "~23.1.36",
        "@syncfusion/ej2-popups": "~23.1.38",
        "@syncfusion/ej2-splitbuttons": "~23.1.36"
      }
    },
    "node_modules/@syncfusion/ej2-lists": {
      "version": "23.1.36",
      "resolved": "https://registry.npmjs.org/@syncfusion/ej2-lists/-/ej2-lists-23.1.36.tgz",
      "integrity": "sha512-wPa5c1CZ4khBC47/rAHJVLL3r92CWHiQEFgCjHk7Pyn4ZP/XPCqEX7li652kgeCFzjAgHTVCGU1WIpoyroYcZg==",
      "dependencies": {
        "@syncfusion/ej2-base": "~23.1.36",
        "@syncfusion/ej2-buttons": "~23.1.36",
        "@syncfusion/ej2-data": "~23.1.36"
      }
    },
    "node_modules/@syncfusion/ej2-navigations": {
      "version": "23.1.39",
      "resolved": "https://registry.npmjs.org/@syncfusion/ej2-navigations/-/ej2-navigations-23.1.39.tgz",
      "integrity": "sha512-fMRYoGXUPh/59vR299gd+ZLLJ8F0ECq4UwCPv6WYYd5j6wHm7U4G635AWbKMvJhlC2M46kBwkfg0YaMZcoTA+g==",
      "dependencies": {
        "@syncfusion/ej2-base": "~23.1.38",
        "@syncfusion/ej2-buttons": "~23.1.39",
        "@syncfusion/ej2-data": "~23.1.36",
        "@syncfusion/ej2-inputs": "~23.1.38",
        "@syncfusion/ej2-lists": "~23.1.36",
        "@syncfusion/ej2-popups": "~23.1.38"
      }
    },
    "node_modules/@syncfusion/ej2-popups": {
      "version": "23.1.38",
      "resolved": "https://registry.npmjs.org/@syncfusion/ej2-popups/-/ej2-popups-23.1.38.tgz",
      "integrity": "sha512-mnhJ1YLFYcJfetYJIdWbjy8CDbhxhLn9nUkWtld9388Xj7NPychVIyvvrFQQ+Nu839qG/VU08NOuVx+8Z9QU8g==",
      "dependencies": {
        "@syncfusion/ej2-base": "~23.1.38",
        "@syncfusion/ej2-buttons": "~23.1.36"
      }
    },
    "node_modules/@syncfusion/ej2-splitbuttons": {
      "version": "23.1.36",
      "resolved": "https://registry.npmjs.org/@syncfusion/ej2-splitbuttons/-/ej2-splitbuttons-23.1.36.tgz",
      "integrity": "sha512-vujsVUbndBeIguIhwcak+QucMHUD4UbBpij4JylcOUFCinF60uHwch3F1S4nlpd7x+PsdKiPU5JT7v8TSXIhKg==",
      "dependencies": {
        "@syncfusion/ej2-base": "~23.1.36",
        "@syncfusion/ej2-popups": "~23.1.36"
      }
    }
  }
}
